
Microsoft Visual Studio Solution File, Format Version 12.00
# Visual Studio Version 16
VisualStudioVersion = 16.0.31702.278
MinimumVisualStudioVersion = 10.0.40219.1
Project("{9A19103F-16F7-4668-BE54-9A1E7A4F7556}") = "GPA_Calculator", "GPA_Calculator\GPA_Calculator.csproj", "{BB672290-9114-48F1-8056-230523D614FA}"
EndProject
Project("{9A19103F-16F7-4668-BE54-9A1E7A4F7556}") = "GPA_Calculator.Core", "GPA_Calculator.Core\GPA_Calculator.Core.csproj", "{F86D0DD9-1CCD-4B21-B1DD-97089EF60A99}"
EndProject
Project("{9A19103F-16F7-4668-BE54-9A1E7A4F7556}") = "GPA_Calculator.Data", "GPA_Calculator.Data\GPA_Calculator.Data.csproj", "{65486846-F95B-42F5-9634-ABEA3D89455D}"
EndProject
Global
	GlobalSection(SolutionConfigurationPlatforms) = preSolution
		Debug|Any CPU = Debug|Any CPU
		Release|Any CPU = Release|Any CPU
	EndGlobalSection
	GlobalSection(ProjectConfigurationPlatforms) = postSolution
		{BB672290-9114-48F1-8056-230523D614FA}.Debug|Any CPU.ActiveCfg = Debug|Any CPU
		{BB672290-9114-48F1-8056-230523D614FA}.Debug|Any CPU.Build.0 = Debug|Any CPU
		{BB672290-9114-48F1-8056-230523D614FA}.Release|Any CPU.ActiveCfg = Release|Any CPU
		{BB672290-9114-48F1-8056-230523D614FA}.Release|Any CPU.Build.0 = Release|Any CPU
		{F86D0DD9-1CCD-4B21-B1DD-97089EF60A99}.Debug|Any CPU.ActiveCfg = Debug|Any CPU
		{F86D0DD9-1CCD-4B21-B1DD-97089EF60A99}.Debug|Any CPU.Build.0 = Debug|Any CPU
		{F86D0DD9-1CCD-4B21-B1DD-97089EF60A99}.Release|Any CPU.ActiveCfg = Release|Any CPU
		{F86D0DD9-1CCD-4B21-B1DD-97089EF60A99}.Release|Any CPU.Build.0 = Release|Any CPU
		{65486846-F95B-42F5-9634-ABEA3D89455D}.Debug|Any CPU.ActiveCfg = Debug|Any CPU
		{65486846-F95B-42F5-9634-ABEA3D89455D}.Debug|Any CPU.Build.0 = Debug|Any CPU
		{65486846-F95B-42F5-9634-ABEA3D89455D}.Release|Any CPU.ActiveCfg = Release|Any CPU
		{65486846-F95B-42F5-9634-ABEA3D89455D}.Release|Any CPU.Build.0 = Release|Any CPU
	EndGlobalSection
	GlobalSection(SolutionProperties) = preSolution
		HideSolutionNode = FALSE
	EndGlobalSection
	GlobalSection(ExtensibilityGlobals) = postSolution
		SolutionGuid = {AFA89EAE-7B66-4565-B154-71F87F6C76AC}
	EndGlobalSection
EndGlobal
